
Microsoft Visual Studio Solution File, Format Version 11.00
# Visual Studio 2010
Project("{FAE04EC0-301F-11D3-BF4B-00C04F79EFBC}") = "Obi", "Obi.csproj", "{a570f30f-2086-6ec2-2497-38f09014efc8}"
EndProject
Project("{FAE04EC0-301F-11D3-BF4B-00C04F79EFBC}") = "Assembly-CSharp-firstpass", "Assembly-CSharp-firstpass.csproj", "{f1c6acba-434a-d0d4-eb47-039314fc0003}"
EndProject
Project("{FAE04EC0-301F-11D3-BF4B-00C04F79EFBC}") = "Assembly-CSharp", "Assembly-CSharp.csproj", "{b81e2186-434b-4c3e-0709-71e43d382cca}"
EndProject
Project("{FAE04EC0-301F-11D3-BF4B-00C04F79EFBC}") = "Obi.Editor", "Obi.Editor.csproj", "{9a83f1a8-269c-2f89-8bfe-ea7f2e671fca}"
EndProject
Project("{FAE04EC0-301F-11D3-BF4B-00C04F79EFBC}") = "Assembly-CSharp-Editor-firstpass", "Assembly-CSharp-Editor-firstpass.csproj", "{74fe67a6-fc2b-2992-a52f-d4e0d0b81401}"
EndProject
Global
	GlobalSection(SolutionConfigurationPlatforms) = preSolution
		Debug|Any CPU = Debug|Any CPU
	EndGlobalSection
	GlobalSection(ProjectConfigurationPlatforms) = postSolution
		{a570f30f-2086-6ec2-2497-38f09014efc8}.Debug|Any CPU.ActiveCfg = Debug|Any CPU
		{a570f30f-2086-6ec2-2497-38f09014efc8}.Debug|Any CPU.Build.0 = Debug|Any CPU
		{f1c6acba-434a-d0d4-eb47-039314fc0003}.Debug|Any CPU.ActiveCfg = Debug|Any CPU
		{f1c6acba-434a-d0d4-eb47-039314fc0003}.Debug|Any CPU.Build.0 = Debug|Any CPU
		{b81e2186-434b-4c3e-0709-71e43d382cca}.Debug|Any CPU.ActiveCfg = Debug|Any CPU
		{b81e2186-434b-4c3e-0709-71e43d382cca}.Debug|Any CPU.Build.0 = Debug|Any CPU
		{9a83f1a8-269c-2f89-8bfe-ea7f2e671fca}.Debug|Any CPU.ActiveCfg = Debug|Any CPU
		{9a83f1a8-269c-2f89-8bfe-ea7f2e671fca}.Debug|Any CPU.Build.0 = Debug|Any CPU
		{74fe67a6-fc2b-2992-a52f-d4e0d0b81401}.Debug|Any CPU.ActiveCfg = Debug|Any CPU
		{74fe67a6-fc2b-2992-a52f-d4e0d0b81401}.Debug|Any CPU.Build.0 = Debug|Any CPU
	EndGlobalSection
	GlobalSection(SolutionProperties) = preSolution
		HideSolutionNode = FALSE
	EndGlobalSection
EndGlobal
